github.com/advanced-go/activity v0.0.0-20240625144544-bcd21a471500 h1:G5QfPXHYf+j/b0Z39yDIMzGMlHZ75MhwbkH3i57G5jY=
github.com/advanced-go/activity v0.0.0-20240625144544-bcd21a471500/go.mod h1:0VOlFNSdhLlthdohCUoPtxwEmEs2chow7ZkOUccrZiQ=
github.com/advanced-go/stdlib v0.0.0-20240910153108-81b1ed23be38 h1:vNT7g4YmgiJMgkscElZGasxWN7I4ZltyNId6h+M6HPY=
github.com/advanced-go/stdlib v0.0.0-20240910153108-81b1ed23be38/go.mod h1:bvuWc7Tx57LArgrEvbPxKW4hvIYGS3pw7iG4P6xofoQ=
github.com/google/uuid v1.6.0 h1:NIvaJDMOsjHA8n1jAhLSgzrAzy1Hgr+hNrb57e+94F0=
github.com/google/uuid v1.6.0/go.mod h1:TIyPZe4MgqvfeYDBFedMoGGpEw/LqOeaOT+nhxU+yHo=
